
Microsoft Visual Studio Solution File, Format Version 12.00
# Visual Studio 2013
VisualStudioVersion = 12.0.21005.1
MinimumVisualStudioVersion = 10.0.40219.1
Project("{F184B08F-C81C-45F6-A57F-5ABD9991F28F}") = "AlkalaiDB", "AlkalaiDB.vbproj", "{BEA10A8A-E972-4D93-9BC9-E24C8D734FFA}"
EndProject
Global
	GlobalSection(SolutionConfigurationPlatforms) = preSolution
		Debug|Any CPU = Debug|Any CPU
		Release|Any CPU = Release|Any CPU
	EndGlobalSection
	GlobalSection(ProjectConfigurationPlatforms) = postSolution
		{BEA10A8A-E972-4D93-9BC9-E24C8D734FFA}.Debug|Any CPU.ActiveCfg = Debug|Any CPU
		{BEA10A8A-E972-4D93-9BC9-E24C8D734FFA}.Debug|Any CPU.Build.0 = Debug|Any CPU
		{BEA10A8A-E972-4D93-9BC9-E24C8D734FFA}.Release|Any CPU.ActiveCfg = Release|Any CPU
		{BEA10A8A-E972-4D93-9BC9-E24C8D734FFA}.Release|Any CPU.Build.0 = Release|Any CPU
	EndGlobalSection
	GlobalSection(SolutionProperties) = preSolution
		HideSolutionNode = FALSE
	EndGlobalSection
EndGlobal
